
Microsoft Visual Studio Solution File, Format Version 12.00
# Visual Studio Version 17
VisualStudioVersion = 17.14.36717.8 d17.14
MinimumVisualStudioVersion = 10.0.40219.1
Project("{FAE04EC0-301F-11D3-BF4B-00C04F79EFBC}") = "CegepApi", "CegepApi\CegepApi.csproj", "{026FA1B4-15C6-407D-8DB6-E9C61BC8DF25}"
EndProject
Global
	GlobalSection(SolutionConfigurationPlatforms) = preSolution
		Debug|Any CPU = Debug|Any CPU
		Release|Any CPU = Release|Any CPU
	EndGlobalSection
	GlobalSection(ProjectConfigurationPlatforms) = postSolution
		{026FA1B4-15C6-407D-8DB6-E9C61BC8DF25}.Debug|Any CPU.ActiveCfg = Debug|Any CPU
		{026FA1B4-15C6-407D-8DB6-E9C61BC8DF25}.Debug|Any CPU.Build.0 = Debug|Any CPU
		{026FA1B4-15C6-407D-8DB6-E9C61BC8DF25}.Release|Any CPU.ActiveCfg = Release|Any CPU
		{026FA1B4-15C6-407D-8DB6-E9C61BC8DF25}.Release|Any CPU.Build.0 = Release|Any CPU
	EndGlobalSection
	GlobalSection(SolutionProperties) = preSolution
		HideSolutionNode = FALSE
	EndGlobalSection
	GlobalSection(ExtensibilityGlobals) = postSolution
		SolutionGuid = {1E3B2076-4786-42F4-9786-C9F5008D03ED}
	EndGlobalSection
EndGlobal
